// !$*UTF8*$!
{
	archiveVersion = 1;
	classes = {
	};
	objectVersion = 56;
	objects = {

/* Begin PBXBuildFile section */
		5FFE8F532C2C082C00D6FEA4 /* ShadareExampleApp.swift in Sources */ = {isa = PBXBuildFile; fileRef = 5FFE8F522C2C082C00D6FEA4 /* ShadareExampleApp.swift */; };
		5FFE8F552C2C082C00D6FEA4 /* ContentView.swift in Sources */ = {isa = PBXBuildFile; fileRef = 5FFE8F542C2C082C00D6FEA4 /* ContentView.swift */; };
		5FFE8F572C2C082D00D6FEA4 /* Assets.xcassets in Resources */ = {isa = PBXBuildFile; fileRef = 5FFE8F562C2C082D00D6FEA4 /* Assets.xcassets */; };
		5FFE8F5A2C2C082D00D6FEA4 /* Preview Assets.xcassets in Resources */ = {isa = PBXBuildFile; fileRef = 5FFE8F592C2C082D00D6FEA4 /* Preview Assets.xcassets */; };
		5FFE8F642C2C082D00D6FEA4 /* ShadareExampleTests.swift in Sources */ = {isa = PBXBuildFile; fileRef = 5FFE8F632C2C082D00D6FEA4 /* ShadareExampleTests.swift */; };
		5FFE8F6E2C2C082D00D6FEA4 /* ShadareExampleUITests.swift in Sources */ = {isa = PBXBuildFile; fileRef = 5FFE8F6D2C2C082D00D6FEA4 /* ShadareExampleUITests.swift */; };
		5FFE8F702C2C082D00D6FEA4 /* ShadareExampleUITestsLaunchTests.swift in Sources */ = {isa = PBXBuildFile; fileRef = 5FFE8F6F2C2C082D00D6FEA4 /* ShadareExampleUITestsLaunchTests.swift */; };
		5FFE8F7D2C2C085A00D6FEA4 /* Shader.metal in Sources */ = {isa = PBXBuildFile; fileRef = 5FFE8F7C2C2C085A00D6FEA4 /* Shader.metal */; };
		5FFE8F7F2C2C238E00D6FEA4 /* ViewExtensions.swift in Sources */ = {isa = PBXBuildFile; fileRef = 5FFE8F7E2C2C238E00D6FEA4 /* ViewExtensions.swift */; };
/* End PBXBuildFile section */

/* Begin PBXContainerItemProxy section */
		5FFE8F602C2C082D00D6FEA4 /* PBXContainerItemProxy */ = {
			isa = PBXContainerItemProxy;
			containerPortal = 5FFE8F472C2C082B00D6FEA4 /* Project object */;
			proxyType = 1;
			remoteGlobalIDString = 5FFE8F4E2C2C082C00D6FEA4;
			remoteInfo = ShadareExample;
		};
		5FFE8F6A2C2C082D00D6FEA4 /* PBXContainerItemProxy */ = {
			isa = PBXContainerItemProxy;
			containerPortal = 5FFE8F472C2C082B00D6FEA4 /* Project object */;
			proxyType = 1;
			remoteGlobalIDString = 5FFE8F4E2C2C082C00D6FEA4;
			remoteInfo = ShadareExample;
		};
/* End PBXContainerItemProxy section */

/* Begin PBXFileReference section */
		5FFE8F4F2C2C082C00D6FEA4 /* ShadareExample.app */ = {isa = PBXFileReference; explicitFileType = wrapper.application; includeInIndex = 0; path = ShadareExample.app; sourceTree = BUILT_PRODUCTS_DIR; };
		5FFE8F522C2C082C00D6FEA4 /* ShadareExampleApp.swift */ = {isa = PBXFileReference; lastKnownFileType = sourcecode.swift; path = ShadareExampleApp.swift; sourceTree = "<group>"; };
		5FFE8F542C2C082C00D6FEA4 /* ContentView.swift */ = {isa = PBXFileReference; lastKnownFileType = sourcecode.swift; path = ContentView.swift; sourceTree = "<group>"; };
		5FFE8F562C2C082D00D6FEA4 /* Assets.xcassets */ = {isa = PBXFileReference; lastKnownFileType = folder.assetcatalog; path = Assets.xcassets; sourceTree = "<group>"; };
		5FFE8F592C2C082D00D6FEA4 /* Preview Assets.xcassets */ = {isa = PBXFileReference; lastKnownFileType = folder.assetcatalog; path = "Preview Assets.xcassets"; sourceTree = "<group>"; };
		5FFE8F5F2C2C082D00D6FEA4 /* ShadareExampleTests.xctest */ = {isa = PBXFileReference; explicitFileType = wrapper.cfbundle; includeInIndex = 0; path = ShadareExampleTests.xctest; sourceTree = BUILT_PRODUCTS_DIR; };
		5FFE8F632C2C082D00D6FEA4 /* ShadareExampleTests.swift */ = {isa = PBXFileReference; lastKnownFileType = sourcecode.swift; path = ShadareExampleTests.swift; sourceTree = "<group>"; };
		5FFE8F692C2C082D00D6FEA4 /* ShadareExampleUITests.xctest */ = {isa = PBXFileReference; explicitFileType = wrapper.cfbundle; includeInIndex = 0; path = ShadareExampleUITests.xctest; sourceTree = BUILT_PRODUCTS_DIR; };
		5FFE8F6D2C2C082D00D6FEA4 /* ShadareExampleUITests.swift */ = {isa = PBXFileReference; lastKnownFileType = sourcecode.swift; path = ShadareExampleUITests.swift; sourceTree = "<group>"; };
		5FFE8F6F2C2C082D00D6FEA4 /* ShadareExampleUITestsLaunchTests.swift */ = {isa = PBXFileReference; lastKnownFileType = sourcecode.swift; path = ShadareExampleUITestsLaunchTests.swift; sourceTree = "<group>"; };
		5FFE8F7C2C2C085A00D6FEA4 /* Shader.metal */ = {isa = PBXFileReference; lastKnownFileType = sourcecode.metal; path = Shader.metal; sourceTree = "<group>"; };
		5FFE8F7E2C2C238E00D6FEA4 /* ViewExtensions.swift */ = {isa = PBXFileReference; lastKnownFileType = sourcecode.swift; path = ViewExtensions.swift; sourceTree = "<group>"; };
/* End PBXFileReference section */

/* Begin PBXFrameworksBuildPhase section */
		5FFE8F4C2C2C082C00D6FEA4 /* Frameworks */ = {
			isa = PBXFrameworksBuildPhase;
			buildActionMask = 2147483647;
			files = (
			);
			runOnlyForDeploymentPostprocessing = 0;
		};
		5FFE8F5C2C2C082D00D6FEA4 /* Frameworks */ = {
			isa = PBXFrameworksBuildPhase;
			buildActionMask = 2147483647;
			files = (
			);
			runOnlyForDeploymentPostprocessing = 0;
		};
		5FFE8F662C2C082D00D6FEA4 /* Frameworks */ = {
			isa = PBXFrameworksBuildPhase;
			buildActionMask = 2147483647;
			files = (
			);
			runOnlyForDeploymentPostprocessing = 0;
		};
/* End PBXFrameworksBuildPhase section */

/* Begin PBXGroup section */
		5FFE8F462C2C082B00D6FEA4 = {
			isa = PBXGroup;
			children = (
				5FFE8F512C2C082C00D6FEA4 /* ShadareExample */,
				5FFE8F622C2C082D00D6FEA4 /* ShadareExampleTests */,
				5FFE8F6C2C2C082D00D6FEA4 /* ShadareExampleUITests */,
				5FFE8F502C2C082C00D6FEA4 /* Products */,
			);
			sourceTree = "<group>";
		};
		5FFE8F502C2C082C00D6FEA4 /* Products */ = {
			isa = PBXGroup;
			children = (
				5FFE8F4F2C2C082C00D6FEA4 /* ShadareExample.app */,
				5FFE8F5F2C2C082D00D6FEA4 /* ShadareExampleTests.xctest */,
				5FFE8F692C2C082D00D6FEA4 /* ShadareExampleUITests.xctest */,
			);
			name = Products;
			sourceTree = "<group>";
		};
		5FFE8F512C2C082C00D6FEA4 /* ShadareExample */ = {
			isa = PBXGroup;
			children = (
				5FFE8F522C2C082C00D6FEA4 /* ShadareExampleApp.swift */,
				5FFE8F542C2C082C00D6FEA4 /* ContentView.swift */,
				5FFE8F7C2C2C085A00D6FEA4 /* Shader.metal */,
				5FFE8F562C2C082D00D6FEA4 /* Assets.xcassets */,
				5FFE8F582C2C082D00D6FEA4 /* Preview Content */,
				5FFE8F7E2C2C238E00D6FEA4 /* ViewExtensions.swift */,
			);
			path = ShadareExample;
			sourceTree = "<group>";
		};
		5FFE8F582C2C082D00D6FEA4 /* Preview Content */ = {
			isa = PBXGroup;
			children = (
				5FFE8F592C2C082D00D6FEA4 /* Preview Assets.xcassets */,
			);
			path = "Preview Content";
			sourceTree = "<group>";
		};
		5FFE8F622C2C082D00D6FEA4 /* ShadareExampleTests */ = {
			isa = PBXGroup;
			children = (
				5FFE8F632C2C082D00D6FEA4 /* ShadareExampleTests.swift */,
			);
			path = ShadareExampleTests;
			sourceTree = "<group>";
		};
		5FFE8F6C2C2C082D00D6FEA4 /* ShadareExampleUITests */ = {
			isa = PBXGroup;
			children = (
				5FFE8F6D2C2C082D00D6FEA4 /* ShadareExampleUITests.swift */,
				5FFE8F6F2C2C082D00D6FEA4 /* ShadareExampleUITestsLaunchTests.swift */,
			);
			path = ShadareExampleUITests;
			sourceTree = "<group>";
		};
/* End PBXGroup section */

/* Begin PBXNativeTarget section */
		5FFE8F4E2C2C082C00D6FEA4 /* ShadareExample */ = {
			isa = PBXNativeTarget;
			buildConfigurationList = 5FFE8F732C2C082D00D6FEA4 /* Build configuration list for PBXNativeTarget "ShadareExample" */;
			buildPhases = (
				5FFE8F4B2C2C082C00D6FEA4 /* Sources */,
				5FFE8F4C2C2C082C00D6FEA4 /* Frameworks */,
				5FFE8F4D2C2C082C00D6FEA4 /* Resources */,
			);
			buildRules = (
			);
			dependencies = (
			);
			name = ShadareExample;
			productName = ShadareExample;
			productReference = 5FFE8F4F2C2C082C00D6FEA4 /* ShadareExample.app */;
			productType = "com.apple.product-type.application";
		};
		5FFE8F5E2C2C082D00D6FEA4 /* ShadareExampleTests */ = {
			isa = PBXNativeTarget;
			buildConfigurationList = 5FFE8F762C2C082D00D6FEA4 /* Build configuration list for PBXNativeTarget "ShadareExampleTests" */;
			buildPhases = (
				5FFE8F5B2C2C082D00D6FEA4 /* Sources */,
				5FFE8F5C2C2C082D00D6FEA4 /* Frameworks */,
				5FFE8F5D2C2C082D00D6FEA4 /* Resources */,
			);
			buildRules = (
			);
			dependencies = (
				5FFE8F612C2C082D00D6FEA4 /* PBXTargetDependency */,
			);
			name = ShadareExampleTests;
			productName = ShadareExampleTests;
			productReference = 5FFE8F5F2C2C082D00D6FEA4 /* ShadareExampleTests.xctest */;
			productType = "com.apple.product-type.bundle.unit-test";
		};
		5FFE8F682C2C082D00D6FEA4 /* ShadareExampleUITests */ = {
			isa = PBXNativeTarget;
			buildConfigurationList = 5FFE8F792C2C082D00D6FEA4 /* Build configuration list for PBXNativeTarget "ShadareExampleUITests" */;
			buildPhases = (
				5FFE8F652C2C082D00D6FEA4 /* Sources */,
				5FFE8F662C2C082D00D6FEA4 /* Frameworks */,
				5FFE8F672C2C082D00D6FEA4 /* Resources */,
			);
			buildRules = (
			);
			dependencies = (
				5FFE8F6B2C2C082D00D6FEA4 /* PBXTargetDependency */,
			);
			name = ShadareExampleUITests;
			productName = ShadareExampleUITests;
			productReference = 5FFE8F692C2C082D00D6FEA4 /* ShadareExampleUITests.xctest */;
			productType = "com.apple.product-type.bundle.ui-testing";
		};
/* End PBXNativeTarget section */

/* Begin PBXProject section */
		5FFE8F472C2C082B00D6FEA4 /* Project object */ = {
			isa = PBXProject;
			attributes = {
				BuildIndependentTargetsInParallel = 1;
				LastSwiftUpdateCheck = 1540;
				LastUpgradeCheck = 1540;
				TargetAttributes = {
					5FFE8F4E2C2C082C00D6FEA4 = {
						CreatedOnToolsVersion = 15.4;
					};
					5FFE8F5E2C2C082D00D6FEA4 = {
						CreatedOnToolsVersion = 15.4;
						TestTargetID = 5FFE8F4E2C2C082C00D6FEA4;
					};
					5FFE8F682C2C082D00D6FEA4 = {
						CreatedOnToolsVersion = 15.4;
						TestTargetID = 5FFE8F4E2C2C082C00D6FEA4;
					};
				};
			};
			buildConfigurationList = 5FFE8F4A2C2C082B00D6FEA4 /* Build configuration list for PBXProject "ShadareExample" */;
			compatibilityVersion = "Xcode 14.0";
			developmentRegion = en;
			hasScannedForEncodings = 0;
			knownRegions = (
				en,
				Base,
			);
			mainGroup = 5FFE8F462C2C082B00D6FEA4;
			productRefGroup = 5FFE8F502C2C082C00D6FEA4 /* Products */;
			projectDirPath = "";
			projectRoot = "";
			targets = (
				5FFE8F4E2C2C082C00D6FEA4 /* ShadareExample */,
				5FFE8F5E2C2C082D00D6FEA4 /* ShadareExampleTests */,
				5FFE8F682C2C082D00D6FEA4 /* ShadareExampleUITests */,
			);
		};
/* End PBXProject section */

/* Begin PBXResourcesBuildPhase section */
		5FFE8F4D2C2C082C00D6FEA4 /* Resources */ = {
			isa = PBXResourcesBuildPhase;
			buildActionMask = 2147483647;
			files = (
				5FFE8F5A2C2C082D00D6FEA4 /* Preview Assets.xcassets in Resources */,
				5FFE8F572C2C082D00D6FEA4 /* Assets.xcassets in Resources */,
			);
			runOnlyForDeploymentPostprocessing = 0;
		};
		5FFE8F5D2C2C082D00D6FEA4 /* Resources */ = {
			isa = PBXResourcesBuildPhase;
			buildActionMask = 2147483647;
			files = (
			);
			runOnlyForDeploymentPostprocessing = 0;
		};
		5FFE8F672C2C082D00D6FEA4 /* Resources */ = {
			isa = PBXResourcesBuildPhase;
			buildActionMask = 2147483647;
			files = (
			);
			runOnlyForDeploymentPostprocessing = 0;
		};
/* End PBXResourcesBuildPhase section */

/* Begin PBXSourcesBuildPhase section */
		5FFE8F4B2C2C082C00D6FEA4 /* Sources */ = {
			isa = PBXSourcesBuildPhase;
			buildActionMask = 2147483647;
			files = (
				5FFE8F7D2C2C085A00D6FEA4 /* Shader.metal in Sources */,
				5FFE8F552C2C082C00D6FEA4 /* ContentView.swift in Sources */,
				5FFE8F7F2C2C238E00D6FEA4 /* ViewExtensions.swift in Sources */,
				5FFE8F532C2C082C00D6FEA4 /* ShadareExampleApp.swift in Sources */,
			);
			runOnlyForDeploymentPostprocessing = 0;
		};
		5FFE8F5B2C2C082D00D6FEA4 /* Sources */ = {
			isa = PBXSourcesBuildPhase;
			buildActionMask = 2147483647;
			files = (
				5FFE8F642C2C082D00D6FEA4 /* ShadareExampleTests.swift in Sources */,
			);
			runOnlyForDeploymentPostprocessing = 0;
		};
		5FFE8F652C2C082D00D6FEA4 /* Sources */ = {
			isa = PBXSourcesBuildPhase;
			buildActionMask = 2147483647;
			files = (
				5FFE8F702C2C082D00D6FEA4 /* ShadareExampleUITestsLaunchTests.swift in Sources */,
				5FFE8F6E2C2C082D00D6FEA4 /* ShadareExampleUITests.swift in Sources */,
			);
			runOnlyForDeploymentPostprocessing = 0;
		};
/* End PBXSourcesBuildPhase section */

/* Begin PBXTargetDependency section */
		5FFE8F612C2C082D00D6FEA4 /* PBXTargetDependency */ = {
			isa = PBXTargetDependency;
			target = 5FFE8F4E2C2C082C00D6FEA4 /* ShadareExample */;
			targetProxy = 5FFE8F602C2C082D00D6FEA4 /* PBXContainerItemProxy */;
		};
		5FFE8F6B2C2C082D00D6FEA4 /* PBXTargetDependency */ = {
			isa = PBXTargetDependency;
			target = 5FFE8F4E2C2C082C00D6FEA4 /* ShadareExample */;
			targetProxy = 5FFE8F6A2C2C082D00D6FEA4 /* PBXContainerItemProxy */;
		};
/* End PBXTargetDependency section */

/* Begin XCBuildConfiguration section */
		5FFE8F712C2C082D00D6FEA4 /* Debug */ = {
			isa = XCBuildConfiguration;
			buildSettings = {
				ALWAYS_SEARCH_USER_PATHS = NO;
				ASSETCATALOG_COMPILER_GENERATE_SWIFT_ASSET_SYMBOL_EXTENSIONS = YES;
				CLANG_ANALYZER_NONNULL = YES;
				CLANG_ANALYZER_NUMBER_OBJECT_CONVERSION = YES_AGGRESSIVE;
				CLANG_CXX_LANGUAGE_STANDARD = "gnu++20";
				CLANG_ENABLE_MODULES = YES;
				CLANG_ENABLE_OBJC_ARC = YES;
				CLANG_ENABLE_OBJC_WEAK = YES;
				CLANG_WARN_BLOCK_CAPTURE_AUTORELEASING = YES;
				CLANG_WARN_BOOL_CONVERSION = YES;
				CLANG_WARN_COMMA = YES;
				CLANG_WARN_CONSTANT_CONVERSION = YES;
				CLANG_WARN_DEPRECATED_OBJC_IMPLEMENTATIONS = YES;
				CLANG_WARN_DIRECT_OBJC_ISA_USAGE = YES_ERROR;
				CLANG_WARN_DOCUMENTATION_COMMENTS = YES;
				CLANG_WARN_EMPTY_BODY = YES;
				CLANG_WARN_ENUM_CONVERSION = YES;
				CLANG_WARN_INFINITE_RECURSION = YES;
				CLANG_WARN_INT_CONVERSION = YES;
				CLANG_WARN_NON_LITERAL_NULL_CONVERSION = YES;
				CLANG_WARN_OBJC_IMPLICIT_RETAIN_SELF = YES;
				CLANG_WARN_OBJC_LITERAL_CONVERSION = YES;
				CLANG_WARN_OBJC_ROOT_CLASS = YES_ERROR;
				CLANG_WARN_QUOTED_INCLUDE_IN_FRAMEWORK_HEADER = YES;
				CLANG_WARN_RANGE_LOOP_ANALYSIS = YES;
				CLANG_WARN_STRICT_PROTOTYPES = YES;
				CLANG_WARN_SUSPICIOUS_MOVE = YES;
				CLANG_WARN_UNGUARDED_AVAILABILITY = YES_AGGRESSIVE;
				CLANG_WARN_UNREACHABLE_CODE = YES;
				CLANG_WARN__DUPLICATE_METHOD_MATCH = YES;
				COPY_PHASE_STRIP = NO;
				DEBUG_INFORMATION_FORMAT = dwarf;
				ENABLE_STRICT_OBJC_MSGSEND = YES;
				ENABLE_TESTABILITY = YES;
				ENABLE_USER_SCRIPT_SANDBOXING = YES;
				GCC_C_LANGUAGE_STANDARD = gnu17;
				GCC_DYNAMIC_NO_PIC = NO;
				GCC_NO_COMMON_BLOCKS = YES;
				GCC_OPTIMIZATION_LEVEL = 0;
				GCC_PREPROCESSOR_DEFINITIONS = (
					"DEBUG=1",
					"$(inherited)",
				);
				GCC_WARN_64_TO_32_BIT_CONVERSION = YES;
				GCC_WARN_ABOUT_RETURN_TYPE = YES_ERROR;
				GCC_WARN_UNDECLARED_SELECTOR = YES;
				GCC_WARN_UNINITIALIZED_AUTOS = YES_AGGRESSIVE;
				GCC_WARN_UNUSED_FUNCTION = YES;
				GCC_WARN_UNUSED_VARIABLE = YES;
				IPHONEOS_DEPLOYMENT_TARGET = 17.5;
				LOCALIZATION_PREFERS_STRING_CATALOGS = YES;
				MTL_ENABLE_DEBUG_INFO = INCLUDE_SOURCE;
				MTL_FAST_MATH = YES;
				ONLY_ACTIVE_ARCH = YES;
				SDKROOT = iphoneos;
				SWIFT_ACTIVE_COMPILATION_CONDITIONS = "DEBUG $(inherited)";
				SWIFT_OPTIMIZATION_LEVEL = "-Onone";
			};
			name = Debug;
		};
		5FFE8F722C2C082D00D6FEA4 /* Release */ = {
			isa = XCBuildConfiguration;
			buildSettings = {
				ALWAYS_SEARCH_USER_PATHS = NO;
				ASSETCATALOG_COMPILER_GENERATE_SWIFT_ASSET_SYMBOL_EXTENSIONS = YES;
				CLANG_ANALYZER_NONNULL = YES;
				CLANG_ANALYZER_NUMBER_OBJECT_CONVERSION = YES_AGGRESSIVE;
				CLANG_CXX_LANGUAGE_STANDARD = "gnu++20";
				CLANG_ENABLE_MODULES = YES;
				CLANG_ENABLE_OBJC_ARC = YES;
				CLANG_ENABLE_OBJC_WEAK = YES;
				CLANG_WARN_BLOCK_CAPTURE_AUTORELEASING = YES;
				CLANG_WARN_BOOL_CONVERSION = YES;
				CLANG_WARN_COMMA = YES;
				CLANG_WARN_CONSTANT_CONVERSION = YES;
				CLANG_WARN_DEPRECATED_OBJC_IMPLEMENTATIONS = YES;
				CLANG_WARN_DIRECT_OBJC_ISA_USAGE = YES_ERROR;
				CLANG_WARN_DOCUMENTATION_COMMENTS = YES;
				CLANG_WARN_EMPTY_BODY = YES;
				CLANG_WARN_ENUM_CONVERSION = YES;
				CLANG_WARN_INFINITE_RECURSION = YES;
				CLANG_WARN_INT_CONVERSION = YES;
				CLANG_WARN_NON_LITERAL_NULL_CONVERSION = YES;
				CLANG_WARN_OBJC_IMPLICIT_RETAIN_SELF = YES;
				CLANG_WARN_OBJC_LITERAL_CONVERSION = YES;
				CLANG_WARN_OBJC_ROOT_CLASS = YES_ERROR;
				CLANG_WARN_QUOTED_INCLUDE_IN_FRAMEWORK_HEADER = YES;
				CLANG_WARN_RANGE_LOOP_ANALYSIS = YES;
				CLANG_WARN_STRICT_PROTOTYPES = YES;
				CLANG_WARN_SUSPICIOUS_MOVE = YES;
				CLANG_WARN_UNGUARDED_AVAILABILITY = YES_AGGRESSIVE;
				CLANG_WARN_UNREACHABLE_CODE = YES;
				CLANG_WARN__DUPLICATE_METHOD_MATCH = YES;
				COPY_PHASE_STRIP = NO;
				DEBUG_INFORMATION_FORMAT = "dwarf-with-dsym";
				ENABLE_NS_ASSERTIONS = NO;
				ENABLE_STRICT_OBJC_MSGSEND = YES;
				ENABLE_USER_SCRIPT_SANDBOXING = YES;
				GCC_C_LANGUAGE_STANDARD = gnu17;
				GCC_NO_COMMON_BLOCKS = YES;
				GCC_WARN_64_TO_32_BIT_CONVERSION = YES;
				GCC_WARN_ABOUT_RETURN_TYPE = YES_ERROR;
				GCC_WARN_UNDECLARED_SELECTOR = YES;
				GCC_WARN_UNINITIALIZED_AUTOS = YES_AGGRESSIVE;
				GCC_WARN_UNUSED_FUNCTION = YES;
				GCC_WARN_UNUSED_VARIABLE = YES;
				IPHONEOS_DEPLOYMENT_TARGET = 17.5;
				LOCALIZATION_PREFERS_STRING_CATALOGS = YES;
				MTL_ENABLE_DEBUG_INFO = NO;
				MTL_FAST_MATH = YES;
				SDKROOT = iphoneos;
				SWIFT_COMPILATION_MODE = wholemodule;
				VALIDATE_PRODUCT = YES;
			};
			name = Release;
		};
		5FFE8F742C2C082D00D6FEA4 /* Debug */ = {
			isa = XCBuildConfiguration;
			buildSettings = {
				ASSETCATALOG_COMPILER_APPICON_NAME = AppIcon;
				ASSETCATALOG_COMPILER_GLOBAL_ACCENT_COLOR_NAME = AccentColor;
				CODE_SIGN_STYLE = Automatic;
				CURRENT_PROJECT_VERSION = 1;
				DEVELOPMENT_ASSET_PATHS = "\"ShadareExample/Preview Content\"";
				DEVELOPMENT_TEAM = A5522T8Q47;
				ENABLE_PREVIEWS = YES;
				GENERATE_INFOPLIST_FILE = YES;
				INFOPLIST_KEY_UIApplicationSceneManifest_Generation = YES;
				INFOPLIST_KEY_UIApplicationSupportsIndirectInputEvents = YES;
				INFOPLIST_KEY_UILaunchScreen_Generation = YES;
				INFOPLIST_KEY_UISupportedInterfaceOrientations_iPad = "UIInterfaceOrientationPortrait UIInterfaceOrientationPortraitUpsideDown UIInterfaceOrientationLandscapeLeft UIInterfaceOrientationLandscapeRight";
				INFOPLIST_KEY_UISupportedInterfaceOrientations_iPhone = "UIInterfaceOrientationPortrait UIInterfaceOrientationLandscapeLeft UIInterfaceOrientationLandscapeRight";
				LD_RUNPATH_SEARCH_PATHS = (
					"$(inherited)",
					"@executable_path/Frameworks",
				);
				MARKETING_VERSION = 1.0;
				PRODUCT_BUNDLE_IDENTIFIER = www.ammardev.com.ShadareExample;
				PRODUCT_NAME = "$(TARGET_NAME)";
				SWIFT_EMIT_LOC_STRINGS = YES;
				SWIFT_VERSION = 5.0;
				TARGETED_DEVICE_FAMILY = "1,2";
			};
			name = Debug;
		};
		5FFE8F752C2C082D00D6FEA4 /* Release */ = {
			isa = XCBuildConfiguration;
			buildSettings = {
				ASSETCATALOG_COMPILER_APPICON_NAME = AppIcon;
				ASSETCATALOG_COMPILER_GLOBAL_ACCENT_COLOR_NAME = AccentColor;
				CODE_SIGN_STYLE = Automatic;
				CURRENT_PROJECT_VERSION = 1;
				DEVELOPMENT_ASSET_PATHS = "\"ShadareExample/Preview Content\"";
				DEVELOPMENT_TEAM = A5522T8Q47;
				ENABLE_PREVIEWS = YES;
				GENERATE_INFOPLIST_FILE = YES;
				INFOPLIST_KEY_UIApplicationSceneManifest_Generation = YES;
				INFOPLIST_KEY_UIApplicationSupportsIndirectInputEvents = YES;
				INFOPLIST_KEY_UILaunchScreen_Generation = YES;
				INFOPLIST_KEY_UISupportedInterfaceOrientations_iPad = "UIInterfaceOrientationPortrait UIInterfaceOrientationPortraitUpsideDown UIInterfaceOrientationLandscapeLeft UIInterfaceOrientationLandscapeRight";
				INFOPLIST_KEY_UISupportedInterfaceOrientations_iPhone = "UIInterfaceOrientationPortrait UIInterfaceOrientationLandscapeLeft UIInterfaceOrientationLandscapeRight";
				LD_RUNPATH_SEARCH_PATHS = (
					"$(inherited)",
					"@executable_path/Frameworks",
				);
				MARKETING_VERSION = 1.0;
				PRODUCT_BUNDLE_IDENTIFIER = www.ammardev.com.ShadareExample;
				PRODUCT_NAME = "$(TARGET_NAME)";
				SWIFT_EMIT_LOC_STRINGS = YES;
				SWIFT_VERSION = 5.0;
				TARGETED_DEVICE_FAMILY = "1,2";
			};
			name = Release;
		};
		5FFE8F772C2C082D00D6FEA4 /* Debug */ = {
			isa = XCBuildConfiguration;
			buildSettings = {
				ALWAYS_EMBED_SWIFT_STANDARD_LIBRARIES = YES;
				BUNDLE_LOADER = "$(TEST_HOST)";
				CODE_SIGN_STYLE = Automatic;
				CURRENT_PROJECT_VERSION = 1;
				DEVELOPMENT_TEAM = A5522T8Q47;
				GENERATE_INFOPLIST_FILE = YES;
				IPHONEOS_DEPLOYMENT_TARGET = 17.5;
				MARKETING_VERSION = 1.0;
				PRODUCT_BUNDLE_IDENTIFIER = www.ammardev.com.ShadareExampleTests;
				PRODUCT_NAME = "$(TARGET_NAME)";
				SWIFT_EMIT_LOC_STRINGS = NO;
				SWIFT_VERSION = 5.0;
				TARGETED_DEVICE_FAMILY = "1,2";
				TEST_HOST = "$(BUILT_PRODUCTS_DIR)/ShadareExample.app/$(BUNDLE_EXECUTABLE_FOLDER_PATH)/ShadareExample";
			};
			name = Debug;
		};
		5FFE8F782C2C082D00D6FEA4 /* Release */ = {
			isa = XCBuildConfiguration;
			buildSettings = {
				ALWAYS_EMBED_SWIFT_STANDARD_LIBRARIES = YES;
				BUNDLE_LOADER = "$(TEST_HOST)";
				CODE_SIGN_STYLE = Automatic;
				CURRENT_PROJECT_VERSION = 1;
				DEVELOPMENT_TEAM = A5522T8Q47;
				GENERATE_INFOPLIST_FILE = YES;
				IPHONEOS_DEPLOYMENT_TARGET = 17.5;
				MARKETING_VERSION = 1.0;
				PRODUCT_BUNDLE_IDENTIFIER = www.ammardev.com.ShadareExampleTests;
				PRODUCT_NAME = "$(TARGET_NAME)";
				SWIFT_EMIT_LOC_STRINGS = NO;
				SWIFT_VERSION = 5.0;
				TARGETED_DEVICE_FAMILY = "1,2";
				TEST_HOST = "$(BUILT_PRODUCTS_DIR)/ShadareExample.app/$(BUNDLE_EXECUTABLE_FOLDER_PATH)/ShadareExample";
			};
			name = Release;
		};
		5FFE8F7A2C2C082D00D6FEA4 /* Debug */ = {
			isa = XCBuildConfiguration;
			buildSettings = {
				ALWAYS_EMBED_SWIFT_STANDARD_LIBRARIES = YES;
				CODE_SIGN_STYLE = Automatic;
				CURRENT_PROJECT_VERSION = 1;
				DEVELOPMENT_TEAM = A5522T8Q47;
				GENERATE_INFOPLIST_FILE = YES;
				MARKETING_VERSION = 1.0;
				PRODUCT_BUNDLE_IDENTIFIER = www.ammardev.com.ShadareExampleUITests;
				PRODUCT_NAME = "$(TARGET_NAME)";
				SWIFT_EMIT_LOC_STRINGS = NO;
				SWIFT_VERSION = 5.0;
				TARGETED_DEVICE_FAMILY = "1,2";
				TEST_TARGET_NAME = ShadareExample;
			};
			name = Debug;
		};
		5FFE8F7B2C2C082D00D6FEA4 /* Release */ = {
			isa = XCBuildConfiguration;
			buildSettings = {
				ALWAYS_EMBED_SWIFT_STANDARD_LIBRARIES = YES;
				CODE_SIGN_STYLE = Automatic;
				CURRENT_PROJECT_VERSION = 1;
				DEVELOPMENT_TEAM = A5522T8Q47;
				GENERATE_INFOPLIST_FILE = YES;
				MARKETING_VERSION = 1.0;
				PRODUCT_BUNDLE_IDENTIFIER = www.ammardev.com.ShadareExampleUITests;
				PRODUCT_NAME = "$(TARGET_NAME)";
				SWIFT_EMIT_LOC_STRINGS = NO;
				SWIFT_VERSION = 5.0;
				TARGETED_DEVICE_FAMILY = "1,2";
				TEST_TARGET_NAME = ShadareExample;
			};
			name = Release;
		};
/* End XCBuildConfiguration section */

/* Begin XCConfigurationList section */
		5FFE8F4A2C2C082B00D6FEA4 /* Build configuration list for PBXProject "ShadareExample" */ = {
			isa = XCConfigurationList;
			buildConfigurations = (
				5FFE8F712C2C082D00D6FEA4 /* Debug */,
				5FFE8F722C2C082D00D6FEA4 /* Release */,
			);
			defaultConfigurationIsVisible = 0;
			defaultConfigurationName = Release;
		};
		5FFE8F732C2C082D00D6FEA4 /* Build configuration list for PBXNativeTarget "ShadareExample" */ = {
			isa = XCConfigurationList;
			buildConfigurations = (
				5FFE8F742C2C082D00D6FEA4 /* Debug */,
				5FFE8F752C2C082D00D6FEA4 /* Release */,
			);
			defaultConfigurationIsVisible = 0;
			defaultConfigurationName = Release;
		};
		5FFE8F762C2C082D00D6FEA4 /* Build configuration list for PBXNativeTarget "ShadareExampleTests" */ = {
			isa = XCConfigurationList;
			buildConfigurations = (
				5FFE8F772C2C082D00D6FEA4 /* Debug */,
				5FFE8F782C2C082D00D6FEA4 /* Release */,
			);
			defaultConfigurationIsVisible = 0;
			defaultConfigurationName = Release;
		};
		5FFE8F792C2C082D00D6FEA4 /* Build configuration list for PBXNativeTarget "ShadareExampleUITests" */ = {
			isa = XCConfigurationList;
			buildConfigurations = (
				5FFE8F7A2C2C082D00D6FEA4 /* Debug */,
				5FFE8F7B2C2C082D00D6FEA4 /* Release */,
			);
			defaultConfigurationIsVisible = 0;
			defaultConfigurationName = Release;
		};
/* End XCConfigurationList section */
	};
	rootObject = 5FFE8F472C2C082B00D6FEA4 /* Project object */;
}
